# THIS IS AN AUTOGENERATED FILE. DO NOT EDIT THIS FILE DIRECTLY.
# yarn lockfile v1


"@discordjs/collection@^0.1.5":
  "integrity" "sha512-CU1q0UXQUpFNzNB7gufgoisDHP7n+T3tkqTsp3MNUkVJ5+hS3BCvME8uCXAUFlz+6T2FbTCu75A+yQ7HMKqRKw=="
  "resolved" "https://registry.npmjs.org/@discordjs/collection/-/collection-0.1.5.tgz"
  "version" "0.1.5"

"abort-controller@^3.0.0":
  "integrity" "sha512-h8lQ8tacZYnR3vNQTgibj+tODHI5/+l06Au2Pcriv/Gmet0eaj4TwWH41sO9wnHDiQsEj19q0drzdWdeAHtweg=="
  "resolved" "https://registry.npmjs.org/abort-controller/-/abort-controller-3.0.0.tgz"
  "version" "3.0.0"
  dependencies:
    "event-target-shim" "^5.0.0"

"asynckit@^0.4.0":
  "integrity" "sha1-x57Zf380y48robyXkLzDZkdLS3k="
  "resolved" "https://registry.npmjs.org/asynckit/-/asynckit-0.4.0.tgz"
  "version" "0.4.0"

"combined-stream@^1.0.8":
  "integrity" "sha512-FQN4MRfuJeHf7cBbBMJFXhKSDq+2kAArBlmRBvcvFE5BB1HZKXtSFASDhdlz9zOYwxh8lDdnvmMOe/+5cdoEdg=="
  "resolved" "https://registry.npmjs.org/combined-stream/-/combined-stream-1.0.8.tgz"
  "version" "1.0.8"
  dependencies:
    "delayed-stream" "~1.0.0"

"delayed-stream@~1.0.0":
  "integrity" "sha1-3zrhmayt+31ECqrgsp4icrJOxhk="
  "resolved" "https://registry.npmjs.org/delayed-stream/-/delayed-stream-1.0.0.tgz"
  "version" "1.0.0"

"discord.js@^12.0.2":
  "integrity" "sha512-Y6+QfAUZkb9cy27cfNqUigAgYVSKTw9jPF3mN4UDMih3Em3VQ0WjGBdX1UbE8CwFkLOu5XWQSNPdsoStTR8c2Q=="
  "resolved" "https://registry.npmjs.org/discord.js/-/discord.js-12.1.1.tgz"
  "version" "12.1.1"
  dependencies:
    "@discordjs/collection" "^0.1.5"
    "abort-controller" "^3.0.0"
    "form-data" "^3.0.0"
    "node-fetch" "^2.6.0"
    "prism-media" "^1.2.0"
    "setimmediate" "^1.0.5"
    "tweetnacl" "^1.0.3"
    "ws" "^7.2.1"

"dotenv@^8.2.0":
  "integrity" "sha512-8sJ78ElpbDJBHNeBzUbUVLsqKdccaa/BXF1uPTw3GrvQTBgrQrtObr2mUrE38vzYd8cEv+m/JBfDLioYcfXoaw=="
  "resolved" "https://registry.npmjs.org/dotenv/-/dotenv-8.2.0.tgz"
  "version" "8.2.0"

"event-target-shim@^5.0.0":
  "integrity" "sha512-i/2XbnSz/uxRCU6+NdVJgKWDTM427+MqYbkQzD321DuCQJUqOuJKIA0IM2+W2xtYHdKOmZ4dR6fExsd4SXL+WQ=="
  "resolved" "https://registry.npmjs.org/event-target-shim/-/event-target-shim-5.0.1.tgz"
  "version" "5.0.1"

"form-data@^3.0.0":
  "integrity" "sha512-CKMFDglpbMi6PyN+brwB9Q/GOw0eAnsrEZDgcsH5Krhz5Od/haKHAX0NmQfha2zPPz0JpWzA7GJHGSnvCRLWsg=="
  "resolved" "https://registry.npmjs.org/form-data/-/form-data-3.0.0.tgz"
  "version" "3.0.0"
  dependencies:
    "asynckit" "^0.4.0"
    "combined-stream" "^1.0.8"
    "mime-types" "^2.1.12"

"mime-db@1.43.0":
  "integrity" "sha512-+5dsGEEovYbT8UY9yD7eE4XTc4UwJ1jBYlgaQQF38ENsKR3wj/8q8RFZrF9WIZpB2V1ArTVFUva8sAul1NzRzQ=="
  "resolved" "https://registry.npmjs.org/mime-db/-/mime-db-1.43.0.tgz"
  "version" "1.43.0"

"mime-types@^2.1.12":
  "integrity" "sha512-01paPWYgLrkqAyrlDorC1uDwl2p3qZT7yl806vW7DvDoxwXi46jsjFbg+WdwotBIk6/MbEhO/dh5aZ5sNj/dWQ=="
  "resolved" "https://registry.npmjs.org/mime-types/-/mime-types-2.1.26.tgz"
  "version" "2.1.26"
  dependencies:
    mime-db "1.43.0"

node-fetch@^2.6.0:
  version "2.6.1"
  resolved "https://registry.yarnpkg.com/node-fetch/-/node-fetch-2.6.1.tgz#045bd323631f76ed2e2b55573394416b639a0052"
  integrity sha512-V4aYg89jEoVRxRb2fJdAg8FHvI7cEyYdVAh94HH0UIK8oJxUfkjlDQN9RbMx+bEjP7+ggMiFRprSti032Oipxw==

prism-media@^1.2.0:
  version "1.2.1"
  resolved "https://registry.yarnpkg.com/prism-media/-/prism-media-1.2.1.tgz#168f323712bcaacb1d70ae613bf9d9dc44cf43d4"
  integrity sha512-R3EbKwJiYlTvGwcG1DpUt+06DsxOGS5W4AMEHT7oVOjG93MjpdhGX1whHyjnqknylLMupKAsKMEXcTNRbPe6Vw==

setimmediate@^1.0.5:
  version "1.0.5"
  resolved "https://registry.yarnpkg.com/setimmediate/-/setimmediate-1.0.5.tgz#290cbb232e306942d7d7ea9b83732ab7856f8285"
  integrity sha1-KQy7Iy4waULX1+qbg3Mqt4VvgoU=

tweetnacl@^1.0.3:
  version "1.0.3"
  resolved "https://registry.yarnpkg.com/tweetnacl/-/tweetnacl-1.0.3.tgz#ac0af71680458d8a6378d0d0d050ab1407d35596"
  integrity sha512-6rt+RN7aOi1nGMyC4Xa5DdYiukl2UWCbcJft7YhxReBGQD7OAM8Pbxw6YMo4r2diNEA8FEmu32YOn9rhaiE5yw==

ws@^7.2.1:
  version "7.2.3"
  resolved "https://registry.yarnpkg.com/ws/-/ws-7.2.3.tgz#a5411e1fb04d5ed0efee76d26d5c46d830c39b46"
  integrity sha512-HTDl9G9hbkNDk98naoR/cHDws7+EyYMOdL1BmjsZXRUjf7d+MficC4B7HLUPlSiho0vg+CWKrGIt/VJBd1xunQ==
